// !$*UTF8*$!
{
	archiveVersion = 1;
	classes = {
	};
	objectVersion = 46;
	objects = {

/* Begin PBXBuildFile section */
		EB14C9D118E71AE400ADB09F /* Foundation.framework in Frameworks */ = {isa = PBXBuildFile; fileRef = EB14C9D018E71AE400ADB09F /* Foundation.framework */; };
		EB14C9D318E71AE400ADB09F /* CoreGraphics.framework in Frameworks */ = {isa = PBXBuildFile; fileRef = EB14C9D218E71AE400ADB09F /* CoreGraphics.framework */; };
		EB14C9D518E71AE400ADB09F /* UIKit.framework in Frameworks */ = {isa = PBXBuildFile; fileRef = EB14C9D418E71AE400ADB09F /* UIKit.framework */; };
		EB14C9DB18E71AE400ADB09F /* InfoPlist.strings in Resources */ = {isa = PBXBuildFile; fileRef = EB14C9D918E71AE400ADB09F /* InfoPlist.strings */; };
		EB14C9DD18E71AE400ADB09F /* main.m in Sources */ = {isa = PBXBuildFile; fileRef = EB14C9DC18E71AE400ADB09F /* main.m */; };
		EB14C9E118E71AE400ADB09F /* AppDelegate.m in Sources */ = {isa = PBXBuildFile; fileRef = EB14C9E018E71AE400ADB09F /* AppDelegate.m */; };
		EB14C9E318E71AE400ADB09F /* Images.xcassets in Resources */ = {isa = PBXBuildFile; fileRef = EB14C9E218E71AE400ADB09F /* Images.xcassets */; };
		EB14C9EA18E71AE400ADB09F /* XCTest.framework in Frameworks */ = {isa = PBXBuildFile; fileRef = EB14C9E918E71AE400ADB09F /* XCTest.framework */; };
		EB14C9EB18E71AE400ADB09F /* Foundation.framework in Frameworks */ = {isa = PBXBuildFile; fileRef = EB14C9D018E71AE400ADB09F /* Foundation.framework */; };
		EB14C9EC18E71AE400ADB09F /* UIKit.framework in Frameworks */ = {isa = PBXBuildFile; fileRef = EB14C9D418E71AE400ADB09F /* UIKit.framework */; };
		EB14C9F418E71AE400ADB09F /* InfoPlist.strings in Resources */ = {isa = PBXBuildFile; fileRef = EB14C9F218E71AE400ADB09F /* InfoPlist.strings */; };
		EB14C9F618E71AE400ADB09F /* webapp1Tests.m in Sources */ = {isa = PBXBuildFile; fileRef = EB14C9F518E71AE400ADB09F /* webapp1Tests.m */; };
		EB14CA0118E7225000ADB09F /* WebViewController.m in Sources */ = {isa = PBXBuildFile; fileRef = EB14CA0018E7225000ADB09F /* WebViewController.m */; };
/* End PBXBuildFile section */

/* Begin PBXContainerItemProxy section */
		EB14C9ED18E71AE400ADB09F /* PBXContainerItemProxy */ = {
			isa = PBXContainerItemProxy;
			containerPortal = EB14C9C518E71AE400ADB09F /* Project object */;
			proxyType = 1;
			remoteGlobalIDString = EB14C9CC18E71AE400ADB09F;
			remoteInfo = webapp1;
		};
/* End PBXContainerItemProxy section */

/* Begin PBXFileReference section */
		EB14C9CD18E71AE400ADB09F /* webapp1.app */ = {isa = PBXFileReference; explicitFileType = wrapper.application; includeInIndex = 0; path = webapp1.app; sourceTree = BUILT_PRODUCTS_DIR; };
		EB14C9D018E71AE400ADB09F /* Foundation.framework */ = {isa = PBXFileReference; lastKnownFileType = wrapper.framework; name = Foundation.framework; path = System/Library/Frameworks/Foundation.framework; sourceTree = SDKROOT; };
		EB14C9D218E71AE400ADB09F /* CoreGraphics.framework */ = {isa = PBXFileReference; lastKnownFileType = wrapper.framework; name = CoreGraphics.framework; path = System/Library/Frameworks/CoreGraphics.framework; sourceTree = SDKROOT; };
		EB14C9D418E71AE400ADB09F /* UIKit.framework */ = {isa = PBXFileReference; lastKnownFileType = wrapper.framework; name = UIKit.framework; path = System/Library/Frameworks/UIKit.framework; sourceTree = SDKROOT; };
		EB14C9D818E71AE400ADB09F /* webapp1-Info.plist */ = {isa = PBXFileReference; lastKnownFileType = text.plist.xml; path = "webapp1-Info.plist"; sourceTree = "<group>"; };
		EB14C9DA18E71AE400ADB09F /* en */ = {isa = PBXFileReference; lastKnownFileType = text.plist.strings; name = en; path = en.lproj/InfoPlist.strings; sourceTree = "<group>"; };
		EB14C9DC18E71AE400ADB09F /* main.m */ = {isa = PBXFileReference; lastKnownFileType = sourcecode.c.objc; path = main.m; sourceTree = "<group>"; };
		EB14C9DE18E71AE400ADB09F /* webapp1-Prefix.pch */ = {isa = PBXFileReference; lastKnownFileType = sourcecode.c.h; path = "webapp1-Prefix.pch"; sourceTree = "<group>"; };
		EB14C9DF18E71AE400ADB09F /* AppDelegate.h */ = {isa = PBXFileReference; lastKnownFileType = sourcecode.c.h; path = AppDelegate.h; sourceTree = "<group>"; };
		EB14C9E018E71AE400ADB09F /* AppDelegate.m */ = {isa = PBXFileReference; lastKnownFileType = sourcecode.c.objc; path = AppDelegate.m; sourceTree = "<group>"; };
		EB14C9E218E71AE400ADB09F /* Images.xcassets */ = {isa = PBXFileReference; lastKnownFileType = folder.assetcatalog; path = Images.xcassets; sourceTree = "<group>"; };
		EB14C9E818E71AE400ADB09F /* webapp1Tests.xctest */ = {isa = PBXFileReference; explicitFileType = wrapper.cfbundle; includeInIndex = 0; path = webapp1Tests.xctest; sourceTree = BUILT_PRODUCTS_DIR; };
		EB14C9E918E71AE400ADB09F /* XCTest.framework */ = {isa = PBXFileReference; lastKnownFileType = wrapper.framework; name = XCTest.framework; path = Library/Frameworks/XCTest.framework; sourceTree = DEVELOPER_DIR; };
		EB14C9F118E71AE400ADB09F /* webapp1Tests-Info.plist */ = {isa = PBXFileReference; lastKnownFileType = text.plist.xml; path = "webapp1Tests-Info.plist"; sourceTree = "<group>"; };
		EB14C9F318E71AE400ADB09F /* en */ = {isa = PBXFileReference; lastKnownFileType = text.plist.strings; name = en; path = en.lproj/InfoPlist.strings; sourceTree = "<group>"; };
		EB14C9F518E71AE400ADB09F /* webapp1Tests.m */ = {isa = PBXFileReference; lastKnownFileType = sourcecode.c.objc; path = webapp1Tests.m; sourceTree = "<group>"; };
		EB14C9FF18E7225000ADB09F /* WebViewController.h */ = {isa = PBXFileReference; fileEncoding = 4; lastKnownFileType = sourcecode.c.h; path = WebViewController.h; sourceTree = "<group>"; };
		EB14CA0018E7225000ADB09F /* WebViewController.m */ = {isa = PBXFileReference; fileEncoding = 4; lastKnownFileType = sourcecode.c.objc; path = WebViewController.m; sourceTree = "<group>"; };
/* End PBXFileReference section */

/* Begin PBXFrameworksBuildPhase section */
		EB14C9CA18E71AE400ADB09F /* Frameworks */ = {
			isa = PBXFrameworksBuildPhase;
			buildActionMask = 2147483647;
			files = (
				EB14C9D318E71AE400ADB09F /* CoreGraphics.framework in Frameworks */,
				EB14C9D518E71AE400ADB09F /* UIKit.framework in Frameworks */,
				EB14C9D118E71AE400ADB09F /* Foundation.framework in Frameworks */,
			);
			runOnlyForDeploymentPostprocessing = 0;
		};
		EB14C9E518E71AE400ADB09F /* Frameworks */ = {
			isa = PBXFrameworksBuildPhase;
			buildActionMask = 2147483647;
			files = (
				EB14C9EA18E71AE400ADB09F /* XCTest.framework in Frameworks */,
				EB14C9EC18E71AE400ADB09F /* UIKit.framework in Frameworks */,
				EB14C9EB18E71AE400ADB09F /* Foundation.framework in Frameworks */,
			);
			runOnlyForDeploymentPostprocessing = 0;
		};
/* End PBXFrameworksBuildPhase section */

/* Begin PBXGroup section */
		EB14C9C418E71AE400ADB09F = {
			isa = PBXGroup;
			children = (
				EB14C9D618E71AE400ADB09F /* webapp1 */,
				EB14C9EF18E71AE400ADB09F /* webapp1Tests */,
				EB14C9CF18E71AE400ADB09F /* Frameworks */,
				EB14C9CE18E71AE400ADB09F /* Products */,
			);
			sourceTree = "<group>";
		};
		EB14C9CE18E71AE400ADB09F /* Products */ = {
			isa = PBXGroup;
			children = (
				EB14C9CD18E71AE400ADB09F /* webapp1.app */,
				EB14C9E818E71AE400ADB09F /* webapp1Tests.xctest */,
			);
			name = Products;
			sourceTree = "<group>";
		};
		EB14C9CF18E71AE400ADB09F /* Frameworks */ = {
			isa = PBXGroup;
			children = (
				EB14C9D018E71AE400ADB09F /* Foundation.framework */,
				EB14C9D218E71AE400ADB09F /* CoreGraphics.framework */,
				EB14C9D418E71AE400ADB09F /* UIKit.framework */,
				EB14C9E918E71AE400ADB09F /* XCTest.framework */,
			);
			name = Frameworks;
			sourceTree = "<group>";
		};
		EB14C9D618E71AE400ADB09F /* webapp1 */ = {
			isa = PBXGroup;
			children = (
				EB14C9DF18E71AE400ADB09F /* AppDelegate.h */,
				EB14C9E018E71AE400ADB09F /* AppDelegate.m */,
				EB14C9FF18E7225000ADB09F /* WebViewController.h */,
				EB14CA0018E7225000ADB09F /* WebViewController.m */,
				EB14C9E218E71AE400ADB09F /* Images.xcassets */,
				EB14C9D718E71AE400ADB09F /* Supporting Files */,
			);
			path = webapp1;
			sourceTree = "<group>";
		};
		EB14C9D718E71AE400ADB09F /* Supporting Files */ = {
			isa = PBXGroup;
			children = (
				EB14C9D818E71AE400ADB09F /* webapp1-Info.plist */,
				EB14C9D918E71AE400ADB09F /* InfoPlist.strings */,
				EB14C9DC18E71AE400ADB09F /* main.m */,
				EB14C9DE18E71AE400ADB09F /* webapp1-Prefix.pch */,
			);
			name = "Supporting Files";
			sourceTree = "<group>";
		};
		EB14C9EF18E71AE400ADB09F /* webapp1Tests */ = {
			isa = PBXGroup;
			children = (
				EB14C9F518E71AE400ADB09F /* webapp1Tests.m */,
				EB14C9F018E71AE400ADB09F /* Supporting Files */,
			);
			path = webapp1Tests;
			sourceTree = "<group>";
		};
		EB14C9F018E71AE400ADB09F /* Supporting Files */ = {
			isa = PBXGroup;
			children = (
				EB14C9F118E71AE400ADB09F /* webapp1Tests-Info.plist */,
				EB14C9F218E71AE400ADB09F /* InfoPlist.strings */,
			);
			name = "Supporting Files";
			sourceTree = "<group>";
		};
/* End PBXGroup section */

/* Begin PBXNativeTarget section */
		EB14C9CC18E71AE400ADB09F /* webapp1 */ = {
			isa = PBXNativeTarget;
			buildConfigurationList = EB14C9F918E71AE400ADB09F /* Build configuration list for PBXNativeTarget "webapp1" */;
			buildPhases = (
				EB14C9C918E71AE400ADB09F /* Sources */,
				EB14C9CA18E71AE400ADB09F /* Frameworks */,
				EB14C9CB18E71AE400ADB09F /* Resources */,
			);
			buildRules = (
			);
			dependencies = (
			);
			name = webapp1;
			productName = webapp1;
			productReference = EB14C9CD18E71AE400ADB09F /* webapp1.app */;
			productType = "com.apple.product-type.application";
		};
		EB14C9E718E71AE400ADB09F /* webapp1Tests */ = {
			isa = PBXNativeTarget;
			buildConfigurationList = EB14C9FC18E71AE400ADB09F /* Build configuration list for PBXNativeTarget "webapp1Tests" */;
			buildPhases = (
				EB14C9E418E71AE400ADB09F /* Sources */,
				EB14C9E518E71AE400ADB09F /* Frameworks */,
				EB14C9E618E71AE400ADB09F /* Resources */,
			);
			buildRules = (
			);
			dependencies = (
				EB14C9EE18E71AE400ADB09F /* PBXTargetDependency */,
			);
			name = webapp1Tests;
			productName = webapp1Tests;
			productReference = EB14C9E818E71AE400ADB09F /* webapp1Tests.xctest */;
			productType = "com.apple.product-type.bundle.unit-test";
		};
/* End PBXNativeTarget section */

/* Begin PBXProject section */
		EB14C9C518E71AE400ADB09F /* Project object */ = {
			isa = PBXProject;
			attributes = {
				LastUpgradeCheck = 0510;
				ORGANIZATIONNAME = "Clear Hybrid Apps";
				TargetAttributes = {
					EB14C9E718E71AE400ADB09F = {
						TestTargetID = EB14C9CC18E71AE400ADB09F;
					};
				};
			};
			buildConfigurationList = EB14C9C818E71AE400ADB09F /* Build configuration list for PBXProject "webapp1" */;
			compatibilityVersion = "Xcode 3.2";
			developmentRegion = English;
			hasScannedForEncodings = 0;
			knownRegions = (
				en,
			);
			mainGroup = EB14C9C418E71AE400ADB09F;
			productRefGroup = EB14C9CE18E71AE400ADB09F /* Products */;
			projectDirPath = "";
			projectRoot = "";
			targets = (
				EB14C9CC18E71AE400ADB09F /* webapp1 */,
				EB14C9E718E71AE400ADB09F /* webapp1Tests */,
			);
		};
/* End PBXProject section */

/* Begin PBXResourcesBuildPhase section */
		EB14C9CB18E71AE400ADB09F /* Resources */ = {
			isa = PBXResourcesBuildPhase;
			buildActionMask = 2147483647;
			files = (
				EB14C9DB18E71AE400ADB09F /* InfoPlist.strings in Resources */,
				EB14C9E318E71AE400ADB09F /* Images.xcassets in Resources */,
			);
			runOnlyForDeploymentPostprocessing = 0;
		};
		EB14C9E618E71AE400ADB09F /* Resources */ = {
			isa = PBXResourcesBuildPhase;
			buildActionMask = 2147483647;
			files = (
				EB14C9F418E71AE400ADB09F /* InfoPlist.strings in Resources */,
			);
			runOnlyForDeploymentPostprocessing = 0;
		};
/* End PBXResourcesBuildPhase section */

/* Begin PBXSourcesBuildPhase section */
		EB14C9C918E71AE400ADB09F /* Sources */ = {
			isa = PBXSourcesBuildPhase;
			buildActionMask = 2147483647;
			files = (
				EB14C9E118E71AE400ADB09F /* AppDelegate.m in Sources */,
				EB14CA0118E7225000ADB09F /* WebViewController.m in Sources */,
				EB14C9DD18E71AE400ADB09F /* main.m in Sources */,
			);
			runOnlyForDeploymentPostprocessing = 0;
		};
		EB14C9E418E71AE400ADB09F /* Sources */ = {
			isa = PBXSourcesBuildPhase;
			buildActionMask = 2147483647;
			files = (
				EB14C9F618E71AE400ADB09F /* webapp1Tests.m in Sources */,
			);
			runOnlyForDeploymentPostprocessing = 0;
		};
/* End PBXSourcesBuildPhase section */

/* Begin PBXTargetDependency section */
		EB14C9EE18E71AE400ADB09F /* PBXTargetDependency */ = {
			isa = PBXTargetDependency;
			target = EB14C9CC18E71AE400ADB09F /* webapp1 */;
			targetProxy = EB14C9ED18E71AE400ADB09F /* PBXContainerItemProxy */;
		};
/* End PBXTargetDependency section */

/* Begin PBXVariantGroup section */
		EB14C9D918E71AE400ADB09F /* InfoPlist.strings */ = {
			isa = PBXVariantGroup;
			children = (
				EB14C9DA18E71AE400ADB09F /* en */,
			);
			name = InfoPlist.strings;
			sourceTree = "<group>";
		};
		EB14C9F218E71AE400ADB09F /* InfoPlist.strings */ = {
			isa = PBXVariantGroup;
			children = (
				EB14C9F318E71AE400ADB09F /* en */,
			);
			name = InfoPlist.strings;
			sourceTree = "<group>";
		};
/* End PBXVariantGroup section */

/* Begin XCBuildConfiguration section */
		EB14C9F718E71AE400ADB09F /* Debug */ = {
			isa = XCBuildConfiguration;
			buildSettings = {
				ALWAYS_SEARCH_USER_PATHS = NO;
				CLANG_CXX_LANGUAGE_STANDARD = "gnu++0x";
				CLANG_CXX_LIBRARY = "libc++";
				CLANG_ENABLE_MODULES = YES;
				CLANG_ENABLE_OBJC_ARC = YES;
				CLANG_WARN_BOOL_CONVERSION = YES;
				CLANG_WARN_CONSTANT_CONVERSION = YES;
				CLANG_WARN_DIRECT_OBJC_ISA_USAGE = YES_ERROR;
				CLANG_WARN_EMPTY_BODY = YES;
				CLANG_WARN_ENUM_CONVERSION = YES;
				CLANG_WARN_INT_CONVERSION = YES;
				CLANG_WARN_OBJC_ROOT_CLASS = YES_ERROR;
				CLANG_WARN__DUPLICATE_METHOD_MATCH = YES;
				"CODE_SIGN_IDENTITY[sdk=iphoneos*]" = "iPhone Developer";
				COPY_PHASE_STRIP = NO;
				GCC_C_LANGUAGE_STANDARD = gnu99;
				GCC_DYNAMIC_NO_PIC = NO;
				GCC_OPTIMIZATION_LEVEL = 0;
				GCC_PREPROCESSOR_DEFINITIONS = (
					"DEBUG=1",
					"$(inherited)",
				);
				GCC_SYMBOLS_PRIVATE_EXTERN = NO;
				GCC_WARN_64_TO_32_BIT_CONVERSION = YES;
				GCC_WARN_ABOUT_RETURN_TYPE = YES_ERROR;
				GCC_WARN_UNDECLARED_SELECTOR = YES;
				GCC_WARN_UNINITIALIZED_AUTOS = YES_AGGRESSIVE;
				GCC_WARN_UNUSED_FUNCTION = YES;
				GCC_WARN_UNUSED_VARIABLE = YES;
				IPHONEOS_DEPLOYMENT_TARGET = 7.1;
				ONLY_ACTIVE_ARCH = YES;
				SDKROOT = iphoneos;
			};
			name = Debug;
		};
		EB14C9F818E71AE400ADB09F /* Release */ = {
			isa = XCBuildConfiguration;
			buildSettings = {
				ALWAYS_SEARCH_USER_PATHS = NO;
				CLANG_CXX_LANGUAGE_STANDARD = "gnu++0x";
				CLANG_CXX_LIBRARY = "libc++";
				CLANG_ENABLE_MODULES = YES;
				CLANG_ENABLE_OBJC_ARC = YES;
				CLANG_WARN_BOOL_CONVERSION = YES;
				CLANG_WARN_CONSTANT_CONVERSION = YES;
				CLANG_WARN_DIRECT_OBJC_ISA_USAGE = YES_ERROR;
				CLANG_WARN_EMPTY_BODY = YES;
				CLANG_WARN_ENUM_CONVERSION = YES;
				CLANG_WARN_INT_CONVERSION = YES;
				CLANG_WARN_OBJC_ROOT_CLASS = YES_ERROR;
				CLANG_WARN__DUPLICATE_METHOD_MATCH = YES;
				"CODE_SIGN_IDENTITY[sdk=iphoneos*]" = "iPhone Developer";
				COPY_PHASE_STRIP = YES;
				ENABLE_NS_ASSERTIONS = NO;
				GCC_C_LANGUAGE_STANDARD = gnu99;
				GCC_WARN_64_TO_32_BIT_CONVERSION = YES;
				GCC_WARN_ABOUT_RETURN_TYPE = YES_ERROR;
				GCC_WARN_UNDECLARED_SELECTOR = YES;
				GCC_WARN_UNINITIALIZED_AUTOS = YES_AGGRESSIVE;
				GCC_WARN_UNUSED_FUNCTION = YES;
				GCC_WARN_UNUSED_VARIABLE = YES;
				IPHONEOS_DEPLOYMENT_TARGET = 7.1;
				SDKROOT = iphoneos;
				VALIDATE_PRODUCT = YES;
			};
			name = Release;
		};
		EB14C9FA18E71AE400ADB09F /* Debug */ = {
			isa = XCBuildConfiguration;
			buildSettings = {
				ASSETCATALOG_COMPILER_APPICON_NAME = AppIcon;
				ASSETCATALOG_COMPILER_LAUNCHIMAGE_NAME = LaunchImage;
				GCC_PRECOMPILE_PREFIX_HEADER = YES;
				GCC_PREFIX_HEADER = "webapp1/webapp1-Prefix.pch";
				INFOPLIST_FILE = "webapp1/webapp1-Info.plist";
				PRODUCT_NAME = "$(TARGET_NAME)";
				WRAPPER_EXTENSION = app;
			};
			name = Debug;
		};
		EB14C9FB18E71AE400ADB09F /* Release */ = {
			isa = XCBuildConfiguration;
			buildSettings = {
				ASSETCATALOG_COMPILER_APPICON_NAME = AppIcon;
				ASSETCATALOG_COMPILER_LAUNCHIMAGE_NAME = LaunchImage;
				GCC_PRECOMPILE_PREFIX_HEADER = YES;
				GCC_PREFIX_HEADER = "webapp1/webapp1-Prefix.pch";
				INFOPLIST_FILE = "webapp1/webapp1-Info.plist";
				PRODUCT_NAME = "$(TARGET_NAME)";
				WRAPPER_EXTENSION = app;
			};
			name = Release;
		};
		EB14C9FD18E71AE400ADB09F /* Debug */ = {
			isa = XCBuildConfiguration;
			buildSettings = {
				BUNDLE_LOADER = "$(BUILT_PRODUCTS_DIR)/webapp1.app/webapp1";
				FRAMEWORK_SEARCH_PATHS = (
					"$(SDKROOT)/Developer/Library/Frameworks",
					"$(inherited)",
					"$(DEVELOPER_FRAMEWORKS_DIR)",
				);
				GCC_PRECOMPILE_PREFIX_HEADER = YES;
				GCC_PREFIX_HEADER = "webapp1/webapp1-Prefix.pch";
				GCC_PREPROCESSOR_DEFINITIONS = (
					"DEBUG=1",
					"$(inherited)",
				);
				INFOPLIST_FILE = "webapp1Tests/webapp1Tests-Info.plist";
				PRODUCT_NAME = "$(TARGET_NAME)";
				TEST_HOST = "$(BUNDLE_LOADER)";
				WRAPPER_EXTENSION = xctest;
			};
			name = Debug;
		};
		EB14C9FE18E71AE400ADB09F /* Release */ = {
			isa = XCBuildConfiguration;
			buildSettings = {
				BUNDLE_LOADER = "$(BUILT_PRODUCTS_DIR)/webapp1.app/webapp1";
				FRAMEWORK_SEARCH_PATHS = (
					"$(SDKROOT)/Developer/Library/Frameworks",
					"$(inherited)",
					"$(DEVELOPER_FRAMEWORKS_DIR)",
				);
				GCC_PRECOMPILE_PREFIX_HEADER = YES;
				GCC_PREFIX_HEADER = "webapp1/webapp1-Prefix.pch";
				INFOPLIST_FILE = "webapp1Tests/webapp1Tests-Info.plist";
				PRODUCT_NAME = "$(TARGET_NAME)";
				TEST_HOST = "$(BUNDLE_LOADER)";
				WRAPPER_EXTENSION = xctest;
			};
			name = Release;
		};
/* End XCBuildConfiguration section */

/* Begin XCConfigurationList section */
		EB14C9C818E71AE400ADB09F /* Build configuration list for PBXProject "webapp1" */ = {
			isa = XCConfigurationList;
			buildConfigurations = (
				EB14C9F718E71AE400ADB09F /* Debug */,
				EB14C9F818E71AE400ADB09F /* Release */,
			);
			defaultConfigurationIsVisible = 0;
			defaultConfigurationName = Release;
		};
		EB14C9F918E71AE400ADB09F /* Build configuration list for PBXNativeTarget "webapp1" */ = {
			isa = XCConfigurationList;
			buildConfigurations = (
				EB14C9FA18E71AE400ADB09F /* Debug */,
				EB14C9FB18E71AE400ADB09F /* Release */,
			);
			defaultConfigurationIsVisible = 0;
		};
		EB14C9FC18E71AE400ADB09F /* Build configuration list for PBXNativeTarget "webapp1Tests" */ = {
			isa = XCConfigurationList;
			buildConfigurations = (
				EB14C9FD18E71AE400ADB09F /* Debug */,
				EB14C9FE18E71AE400ADB09F /* Release */,
			);
			defaultConfigurationIsVisible = 0;
		};
/* End XCConfigurationList section */
	};
	rootObject = EB14C9C518E71AE400ADB09F /* Project object */;
}
